
Microsoft Visual Studio Solution File, Format Version 12.00
# Visual Studio Version 16
VisualStudioVersion = 16.0.29411.108
MinimumVisualStudioVersion = 10.0.40219.1
Project("{9A19103F-16F7-4668-BE54-9A1E7A4F7556}") = "Earless.Web", "Earless.Web\Earless.Web.csproj", "{DA4E82B7-6534-4543-9E4D-051DF0A1006F}"
EndProject
Project("{9A19103F-16F7-4668-BE54-9A1E7A4F7556}") = "Earless.WebApi", "Earless.WebApi\Earless.WebApi.csproj", "{BFD47DA4-F2A2-495F-8200-3424F0AED4FF}"
EndProject
Project("{9A19103F-16F7-4668-BE54-9A1E7A4F7556}") = "Earless.WebApi.Test", "Earless.WebApi.Test\Earless.WebApi.Test.csproj", "{63B6F00E-22C6-476B-B416-AD5CB6EFDD1A}"
EndProject
Global
	GlobalSection(SolutionConfigurationPlatforms) = preSolution
		Debug|Any CPU = Debug|Any CPU
		Release|Any CPU = Release|Any CPU
	EndGlobalSection
	GlobalSection(ProjectConfigurationPlatforms) = postSolution
		{DA4E82B7-6534-4543-9E4D-051DF0A1006F}.Debug|Any CPU.ActiveCfg = Debug|Any CPU
		{DA4E82B7-6534-4543-9E4D-051DF0A1006F}.Debug|Any CPU.Build.0 = Debug|Any CPU
		{DA4E82B7-6534-4543-9E4D-051DF0A1006F}.Release|Any CPU.ActiveCfg = Release|Any CPU
		{DA4E82B7-6534-4543-9E4D-051DF0A1006F}.Release|Any CPU.Build.0 = Release|Any CPU
		{BFD47DA4-F2A2-495F-8200-3424F0AED4FF}.Debug|Any CPU.ActiveCfg = Debug|Any CPU
		{BFD47DA4-F2A2-495F-8200-3424F0AED4FF}.Debug|Any CPU.Build.0 = Debug|Any CPU
		{BFD47DA4-F2A2-495F-8200-3424F0AED4FF}.Release|Any CPU.ActiveCfg = Release|Any CPU
		{BFD47DA4-F2A2-495F-8200-3424F0AED4FF}.Release|Any CPU.Build.0 = Release|Any CPU
		{63B6F00E-22C6-476B-B416-AD5CB6EFDD1A}.Debug|Any CPU.ActiveCfg = Debug|Any CPU
		{63B6F00E-22C6-476B-B416-AD5CB6EFDD1A}.Debug|Any CPU.Build.0 = Debug|Any CPU
		{63B6F00E-22C6-476B-B416-AD5CB6EFDD1A}.Release|Any CPU.ActiveCfg = Release|Any CPU
		{63B6F00E-22C6-476B-B416-AD5CB6EFDD1A}.Release|Any CPU.Build.0 = Release|Any CPU
	EndGlobalSection
	GlobalSection(SolutionProperties) = preSolution
		HideSolutionNode = FALSE
	EndGlobalSection
	GlobalSection(ExtensibilityGlobals) = postSolution
		SolutionGuid = {9ED88C65-1586-4989-B909-C7EE0A190AEF}
	EndGlobalSection
EndGlobal
